Microsoft Visual Studio Solution File, Format Version 11.00
# Visual Studio 2008

Project("{17ECBC7B-BA81-2280-8272-D6EF15E7AA0F}") = "GraphicsPrototype", "Assembly-CSharp-firstpass-vs.csproj", "{BAE735EC-A46F-C567-6726-A4FA00DB5BBC}"
EndProject
Project("{17ECBC7B-BA81-2280-8272-D6EF15E7AA0F}") = "GraphicsPrototype", "Assembly-CSharp-vs.csproj", "{B21267EA-2001-53C0-E0DE-C67E3ECCCEFE}"
EndProject
Global
	GlobalSection(SolutionConfigurationPlatforms) = preSolution
		Debug|Any CPU = Debug|Any CPU
		Release|Any CPU = Release|Any CPU
	EndGlobalSection
	GlobalSection(ProjectConfigurationPlatforms) = postSolution
		{BAE735EC-A46F-C567-6726-A4FA00DB5BBC}.Debug|Any CPU.ActiveCfg = Debug|Any CPU
		{BAE735EC-A46F-C567-6726-A4FA00DB5BBC}.Debug|Any CPU.Build.0 = Debug|Any CPU
		{BAE735EC-A46F-C567-6726-A4FA00DB5BBC}.Release|Any CPU.ActiveCfg = Release|Any CPU
		{BAE735EC-A46F-C567-6726-A4FA00DB5BBC}.Release|Any CPU.Build.0 = Release|Any CPU
		{B21267EA-2001-53C0-E0DE-C67E3ECCCEFE}.Debug|Any CPU.ActiveCfg = Debug|Any CPU
		{B21267EA-2001-53C0-E0DE-C67E3ECCCEFE}.Debug|Any CPU.Build.0 = Debug|Any CPU
		{B21267EA-2001-53C0-E0DE-C67E3ECCCEFE}.Release|Any CPU.ActiveCfg = Release|Any CPU
		{B21267EA-2001-53C0-E0DE-C67E3ECCCEFE}.Release|Any CPU.Build.0 = Release|Any CPU
	EndGlobalSection
	GlobalSection(SolutionProperties) = preSolution
		HideSolutionNode = FALSE
	EndGlobalSection
												GlobalSection(MonoDevelopProperties) = preSolution
		StartupItem = Assembly-CSharp.csproj
		Policies = $0
		$0.TextStylePolicy = $1
		$1.inheritsSet = null
		$1.scope = text/x-csharp
		$0.CSharpFormattingPolicy = $2
		$2.inheritsSet = Mono
		$2.inheritsScope = text/x-csharp
		$2.scope = text/x-csharp
		$0.TextStylePolicy = $3
		$3.FileWidth = 120
		$3.TabWidth = 4
		$3.EolMarker = Unix
		$3.inheritsSet = Mono
		$3.inheritsScope = text/plain
		$3.scope = text/plain
	EndGlobalSection

EndGlobal
